
Microsoft Visual Studio Solution File, Format Version 12.00
# Visual Studio Version 16
VisualStudioVersion = 16.0.31613.86
MinimumVisualStudioVersion = 10.0.40219.1
Project("{8BC9CEB8-8B4A-11D0-8D11-00A0C91BC942}") = "WS1 Part 1", "WS1 Part 1\WS1 Part 1.vcxproj", "{181D4391-5328-42AA-982D-12ED911407FD}"
EndProject
Project("{8BC9CEB8-8B4A-11D0-8D11-00A0C91BC942}") = "WS1 Part 2", "WS1 Part 2\WS1 Part 2.vcxproj", "{A0440F49-4F6A-4809-9050-372FA49DD280}"
EndProject
Project("{8BC9CEB8-8B4A-11D0-8D11-00A0C91BC942}") = "WS2 Part 1", "WS2 Part 1\WS2 Part 1.vcxproj", "{273E5212-A5F1-4CAB-8119-04D025041B26}"
EndProject
Project("{8BC9CEB8-8B4A-11D0-8D11-00A0C91BC942}") = "WS2 Part 2", "WS2 Part 2\WS2 Part 2.vcxproj", "{28A4C11F-8155-4488-92C2-8C41A6ECCF4D}"
EndProject
Project("{8BC9CEB8-8B4A-11D0-8D11-00A0C91BC942}") = "WS3 Part 1", "WS3 Part 1\WS3 Part 1.vcxproj", "{81E262E9-67A6-4D63-A8AB-26763F1048AB}"
EndProject
Project("{8BC9CEB8-8B4A-11D0-8D11-00A0C91BC942}") = "WS3 Part 2", "WS3 Part 2\WS3 Part 2.vcxproj", "{DBE98453-9C58-41B6-A7FF-069CEB4B5444}"
EndProject
Project("{8BC9CEB8-8B4A-11D0-8D11-00A0C91BC942}") = "WS4 Part 1", "WS4 Part 1\WS4 Part 1.vcxproj", "{145C0A35-7D44-475F-BF01-FBBCA24848C3}"
EndProject
Project("{8BC9CEB8-8B4A-11D0-8D11-00A0C91BC942}") = "WS4 Part 2", "WS4 Part 2\WS4 Part 2.vcxproj", "{64AFC4C6-4EC0-433E-AA6D-F3E1742A8903}"
EndProject
Project("{8BC9CEB8-8B4A-11D0-8D11-00A0C91BC942}") = "WS5 Part1", "WS5 Part1\WS5 Part1.vcxproj", "{ADDFDB81-A434-4871-887C-BFE47264EF16}"
EndProject
Project("{8BC9CEB8-8B4A-11D0-8D11-00A0C91BC942}") = "WS5 Part2", "WS5 Part2\WS5 Part2.vcxproj", "{A22E49DD-F444-42FA-A67A-21E55A67009C}"
EndProject
Project("{8BC9CEB8-8B4A-11D0-8D11-00A0C91BC942}") = "WS6 Part1", "WS6 Part1\WS6 Part1.vcxproj", "{87881C75-B99E-40A1-9B5C-A744A0526186}"
EndProject
Project("{8BC9CEB8-8B4A-11D0-8D11-00A0C91BC942}") = "WS6 Part2", "WS6 Part2\WS6 Part2.vcxproj", "{BF1530FD-F5F0-4862-91FD-F20B9986AB93}"
EndProject
Project("{8BC9CEB8-8B4A-11D0-8D11-00A0C91BC942}") = "WS7 Part1", "WS7 Part1\WS7 Part1.vcxproj", "{A9D9FEC1-1DDF-493D-852E-4E8DF3656FED}"
EndProject
Project("{8BC9CEB8-8B4A-11D0-8D11-00A0C91BC942}") = "WS7 Part2", "WS7 Part2\WS7 Part2.vcxproj", "{F8612367-AC0D-4D03-A889-F7BA8C8CEFA9}"
EndProject
Project("{8BC9CEB8-8B4A-11D0-8D11-00A0C91BC942}") = "WS8 Part1", "WS8 Part1\WS8 Part1.vcxproj", "{158BDC0D-D032-4917-9281-916AED63B18A}"
EndProject
Project("{8BC9CEB8-8B4A-11D0-8D11-00A0C91BC942}") = "WS8 Part2", "WS8 Part2\WS8 Part2.vcxproj", "{057EC88E-D1D6-483D-9CC8-43BDFB2F69E2}"
EndProject
Project("{8BC9CEB8-8B4A-11D0-8D11-00A0C91BC942}") = "WS9", "WS9\WS9.vcxproj", "{94D7BBCE-0087-4B02-8291-ED76992F4B9A}"
EndProject
Global
	GlobalSection(SolutionConfigurationPlatforms) = preSolution
		Debug|x64 = Debug|x64
		Debug|x86 = Debug|x86
		Release|x64 = Release|x64
		Release|x86 = Release|x86
	EndGlobalSection
	GlobalSection(ProjectConfigurationPlatforms) = postSolution
		{181D4391-5328-42AA-982D-12ED911407FD}.Debug|x64.ActiveCfg = Debug|x64
		{181D4391-5328-42AA-982D-12ED911407FD}.Debug|x64.Build.0 = Debug|x64
		{181D4391-5328-42AA-982D-12ED911407FD}.Debug|x86.ActiveCfg = Debug|Win32
		{181D4391-5328-42AA-982D-12ED911407FD}.Debug|x86.Build.0 = Debug|Win32
		{181D4391-5328-42AA-982D-12ED911407FD}.Release|x64.ActiveCfg = Release|x64
		{181D4391-5328-42AA-982D-12ED911407FD}.Release|x64.Build.0 = Release|x64
		{181D4391-5328-42AA-982D-12ED911407FD}.Release|x86.ActiveCfg = Release|Win32
		{181D4391-5328-42AA-982D-12ED911407FD}.Release|x86.Build.0 = Release|Win32
		{A0440F49-4F6A-4809-9050-372FA49DD280}.Debug|x64.ActiveCfg = Debug|x64
		{A0440F49-4F6A-4809-9050-372FA49DD280}.Debug|x64.Build.0 = Debug|x64
		{A0440F49-4F6A-4809-9050-372FA49DD280}.Debug|x86.ActiveCfg = Debug|Win32
		{A0440F49-4F6A-4809-9050-372FA49DD280}.Debug|x86.Build.0 = Debug|Win32
		{A0440F49-4F6A-4809-9050-372FA49DD280}.Release|x64.ActiveCfg = Release|x64
		{A0440F49-4F6A-4809-9050-372FA49DD280}.Release|x64.Build.0 = Release|x64
		{A0440F49-4F6A-4809-9050-372FA49DD280}.Release|x86.ActiveCfg = Release|Win32
		{A0440F49-4F6A-4809-9050-372FA49DD280}.Release|x86.Build.0 = Release|Win32
		{273E5212-A5F1-4CAB-8119-04D025041B26}.Debug|x64.ActiveCfg = Debug|x64
		{273E5212-A5F1-4CAB-8119-04D025041B26}.Debug|x64.Build.0 = Debug|x64
		{273E5212-A5F1-4CAB-8119-04D025041B26}.Debug|x86.ActiveCfg = Debug|Win32
		{273E5212-A5F1-4CAB-8119-04D025041B26}.Debug|x86.Build.0 = Debug|Win32
		{273E5212-A5F1-4CAB-8119-04D025041B26}.Release|x64.ActiveCfg = Release|x64
		{273E5212-A5F1-4CAB-8119-04D025041B26}.Release|x64.Build.0 = Release|x64
		{273E5212-A5F1-4CAB-8119-04D025041B26}.Release|x86.ActiveCfg = Release|Win32
		{273E5212-A5F1-4CAB-8119-04D025041B26}.Release|x86.Build.0 = Release|Win32
		{28A4C11F-8155-4488-92C2-8C41A6ECCF4D}.Debug|x64.ActiveCfg = Debug|x64
		{28A4C11F-8155-4488-92C2-8C41A6ECCF4D}.Debug|x64.Build.0 = Debug|x64
		{28A4C11F-8155-4488-92C2-8C41A6ECCF4D}.Debug|x86.ActiveCfg = Debug|Win32
		{28A4C11F-8155-4488-92C2-8C41A6ECCF4D}.Debug|x86.Build.0 = Debug|Win32
		{28A4C11F-8155-4488-92C2-8C41A6ECCF4D}.Release|x64.ActiveCfg = Release|x64
		{28A4C11F-8155-4488-92C2-8C41A6ECCF4D}.Release|x64.Build.0 = Release|x64
		{28A4C11F-8155-4488-92C2-8C41A6ECCF4D}.Release|x86.ActiveCfg = Release|Win32
		{28A4C11F-8155-4488-92C2-8C41A6ECCF4D}.Release|x86.Build.0 = Release|Win32
		{81E262E9-67A6-4D63-A8AB-26763F1048AB}.Debug|x64.ActiveCfg = Debug|x64
		{81E262E9-67A6-4D63-A8AB-26763F1048AB}.Debug|x64.Build.0 = Debug|x64
		{81E262E9-67A6-4D63-A8AB-26763F1048AB}.Debug|x86.ActiveCfg = Debug|Win32
		{81E262E9-67A6-4D63-A8AB-26763F1048AB}.Debug|x86.Build.0 = Debug|Win32
		{81E262E9-67A6-4D63-A8AB-26763F1048AB}.Release|x64.ActiveCfg = Release|x64
		{81E262E9-67A6-4D63-A8AB-26763F1048AB}.Release|x64.Build.0 = Release|x64
		{81E262E9-67A6-4D63-A8AB-26763F1048AB}.Release|x86.ActiveCfg = Release|Win32
		{81E262E9-67A6-4D63-A8AB-26763F1048AB}.Release|x86.Build.0 = Release|Win32
		{DBE98453-9C58-41B6-A7FF-069CEB4B5444}.Debug|x64.ActiveCfg = Debug|x64
		{DBE98453-9C58-41B6-A7FF-069CEB4B5444}.Debug|x64.Build.0 = Debug|x64
		{DBE98453-9C58-41B6-A7FF-069CEB4B5444}.Debug|x86.ActiveCfg = Debug|Win32
		{DBE98453-9C58-41B6-A7FF-069CEB4B5444}.Debug|x86.Build.0 = Debug|Win32
		{DBE98453-9C58-41B6-A7FF-069CEB4B5444}.Release|x64.ActiveCfg = Release|x64
		{DBE98453-9C58-41B6-A7FF-069CEB4B5444}.Release|x64.Build.0 = Release|x64
		{DBE98453-9C58-41B6-A7FF-069CEB4B5444}.Release|x86.ActiveCfg = Release|Win32
		{DBE98453-9C58-41B6-A7FF-069CEB4B5444}.Release|x86.Build.0 = Release|Win32
		{145C0A35-7D44-475F-BF01-FBBCA24848C3}.Debug|x64.ActiveCfg = Debug|x64
		{145C0A35-7D44-475F-BF01-FBBCA24848C3}.Debug|x64.Build.0 = Debug|x64
		{145C0A35-7D44-475F-BF01-FBBCA24848C3}.Debug|x86.ActiveCfg = Debug|Win32
		{145C0A35-7D44-475F-BF01-FBBCA24848C3}.Debug|x86.Build.0 = Debug|Win32
		{145C0A35-7D44-475F-BF01-FBBCA24848C3}.Release|x64.ActiveCfg = Release|x64
		{145C0A35-7D44-475F-BF01-FBBCA24848C3}.Release|x64.Build.0 = Release|x64
		{145C0A35-7D44-475F-BF01-FBBCA24848C3}.Release|x86.ActiveCfg = Release|Win32
		{145C0A35-7D44-475F-BF01-FBBCA24848C3}.Release|x86.Build.0 = Release|Win32
		{64AFC4C6-4EC0-433E-AA6D-F3E1742A8903}.Debug|x64.ActiveCfg = Debug|x64
		{64AFC4C6-4EC0-433E-AA6D-F3E1742A8903}.Debug|x64.Build.0 = Debug|x64
		{64AFC4C6-4EC0-433E-AA6D-F3E1742A8903}.Debug|x86.ActiveCfg = Debug|Win32
		{64AFC4C6-4EC0-433E-AA6D-F3E1742A8903}.Debug|x86.Build.0 = Debug|Win32
		{64AFC4C6-4EC0-433E-AA6D-F3E1742A8903}.Release|x64.ActiveCfg = Release|x64
		{64AFC4C6-4EC0-433E-AA6D-F3E1742A8903}.Release|x64.Build.0 = Release|x64
		{64AFC4C6-4EC0-433E-AA6D-F3E1742A8903}.Release|x86.ActiveCfg = Release|Win32
		{64AFC4C6-4EC0-433E-AA6D-F3E1742A8903}.Release|x86.Build.0 = Release|Win32
		{ADDFDB81-A434-4871-887C-BFE47264EF16}.Debug|x64.ActiveCfg = Debug|x64
		{ADDFDB81-A434-4871-887C-BFE47264EF16}.Debug|x64.Build.0 = Debug|x64
		{ADDFDB81-A434-4871-887C-BFE47264EF16}.Debug|x86.ActiveCfg = Debug|Win32
		{ADDFDB81-A434-4871-887C-BFE47264EF16}.Debug|x86.Build.0 = Debug|Win32
		{ADDFDB81-A434-4871-887C-BFE47264EF16}.Release|x64.ActiveCfg = Release|x64
		{ADDFDB81-A434-4871-887C-BFE47264EF16}.Release|x64.Build.0 = Release|x64
		{ADDFDB81-A434-4871-887C-BFE47264EF16}.Release|x86.ActiveCfg = Release|Win32
		{ADDFDB81-A434-4871-887C-BFE47264EF16}.Release|x86.Build.0 = Release|Win32
		{A22E49DD-F444-42FA-A67A-21E55A67009C}.Debug|x64.ActiveCfg = Debug|x64
		{A22E49DD-F444-42FA-A67A-21E55A67009C}.Debug|x64.Build.0 = Debug|x64
		{A22E49DD-F444-42FA-A67A-21E55A67009C}.Debug|x86.ActiveCfg = Debug|Win32
		{A22E49DD-F444-42FA-A67A-21E55A67009C}.Debug|x86.Build.0 = Debug|Win32
		{A22E49DD-F444-42FA-A67A-21E55A67009C}.Release|x64.ActiveCfg = Release|x64
		{A22E49DD-F444-42FA-A67A-21E55A67009C}.Release|x64.Build.0 = Release|x64
		{A22E49DD-F444-42FA-A67A-21E55A67009C}.Release|x86.ActiveCfg = Release|Win32
		{A22E49DD-F444-42FA-A67A-21E55A67009C}.Release|x86.Build.0 = Release|Win32
		{87881C75-B99E-40A1-9B5C-A744A0526186}.Debug|x64.ActiveCfg = Debug|x64
		{87881C75-B99E-40A1-9B5C-A744A0526186}.Debug|x64.Build.0 = Debug|x64
		{87881C75-B99E-40A1-9B5C-A744A0526186}.Debug|x86.ActiveCfg = Debug|Win32
		{87881C75-B99E-40A1-9B5C-A744A0526186}.Debug|x86.Build.0 = Debug|Win32
		{87881C75-B99E-40A1-9B5C-A744A0526186}.Release|x64.ActiveCfg = Release|x64
		{87881C75-B99E-40A1-9B5C-A744A0526186}.Release|x64.Build.0 = Release|x64
		{87881C75-B99E-40A1-9B5C-A744A0526186}.Release|x86.ActiveCfg = Release|Win32
		{87881C75-B99E-40A1-9B5C-A744A0526186}.Release|x86.Build.0 = Release|Win32
		{BF1530FD-F5F0-4862-91FD-F20B9986AB93}.Debug|x64.ActiveCfg = Debug|x64
		{BF1530FD-F5F0-4862-91FD-F20B9986AB93}.Debug|x64.Build.0 = Debug|x64
		{BF1530FD-F5F0-4862-91FD-F20B9986AB93}.Debug|x86.ActiveCfg = Debug|Win32
		{BF1530FD-F5F0-4862-91FD-F20B9986AB93}.Debug|x86.Build.0 = Debug|Win32
		{BF1530FD-F5F0-4862-91FD-F20B9986AB93}.Release|x64.ActiveCfg = Release|x64
		{BF1530FD-F5F0-4862-91FD-F20B9986AB93}.Release|x64.Build.0 = Release|x64
		{BF1530FD-F5F0-4862-91FD-F20B9986AB93}.Release|x86.ActiveCfg = Release|Win32
		{BF1530FD-F5F0-4862-91FD-F20B9986AB93}.Release|x86.Build.0 = Release|Win32
		{A9D9FEC1-1DDF-493D-852E-4E8DF3656FED}.Debug|x64.ActiveCfg = Debug|x64
		{A9D9FEC1-1DDF-493D-852E-4E8DF3656FED}.Debug|x64.Build.0 = Debug|x64
		{A9D9FEC1-1DDF-493D-852E-4E8DF3656FED}.Debug|x86.ActiveCfg = Debug|Win32
		{A9D9FEC1-1DDF-493D-852E-4E8DF3656FED}.Debug|x86.Build.0 = Debug|Win32
		{A9D9FEC1-1DDF-493D-852E-4E8DF3656FED}.Release|x64.ActiveCfg = Release|x64
		{A9D9FEC1-1DDF-493D-852E-4E8DF3656FED}.Release|x64.Build.0 = Release|x64
		{A9D9FEC1-1DDF-493D-852E-4E8DF3656FED}.Release|x86.ActiveCfg = Release|Win32
		{A9D9FEC1-1DDF-493D-852E-4E8DF3656FED}.Release|x86.Build.0 = Release|Win32
		{F8612367-AC0D-4D03-A889-F7BA8C8CEFA9}.Debug|x64.ActiveCfg = Debug|x64
		{F8612367-AC0D-4D03-A889-F7BA8C8CEFA9}.Debug|x64.Build.0 = Debug|x64
		{F8612367-AC0D-4D03-A889-F7BA8C8CEFA9}.Debug|x86.ActiveCfg = Debug|Win32
		{F8612367-AC0D-4D03-A889-F7BA8C8CEFA9}.Debug|x86.Build.0 = Debug|Win32
		{F8612367-AC0D-4D03-A889-F7BA8C8CEFA9}.Release|x64.ActiveCfg = Release|x64
		{F8612367-AC0D-4D03-A889-F7BA8C8CEFA9}.Release|x64.Build.0 = Release|x64
		{F8612367-AC0D-4D03-A889-F7BA8C8CEFA9}.Release|x86.ActiveCfg = Release|Win32
		{F8612367-AC0D-4D03-A889-F7BA8C8CEFA9}.Release|x86.Build.0 = Release|Win32
		{158BDC0D-D032-4917-9281-916AED63B18A}.Debug|x64.ActiveCfg = Debug|x64
		{158BDC0D-D032-4917-9281-916AED63B18A}.Debug|x64.Build.0 = Debug|x64
		{158BDC0D-D032-4917-9281-916AED63B18A}.Debug|x86.ActiveCfg = Debug|Win32
		{158BDC0D-D032-4917-9281-916AED63B18A}.Debug|x86.Build.0 = Debug|Win32
		{158BDC0D-D032-4917-9281-916AED63B18A}.Release|x64.ActiveCfg = Release|x64
		{158BDC0D-D032-4917-9281-916AED63B18A}.Release|x64.Build.0 = Release|x64
		{158BDC0D-D032-4917-9281-916AED63B18A}.Release|x86.ActiveCfg = Release|Win32
		{158BDC0D-D032-4917-9281-916AED63B18A}.Release|x86.Build.0 = Release|Win32
		{057EC88E-D1D6-483D-9CC8-43BDFB2F69E2}.Debug|x64.ActiveCfg = Debug|x64
		{057EC88E-D1D6-483D-9CC8-43BDFB2F69E2}.Debug|x64.Build.0 = Debug|x64
		{057EC88E-D1D6-483D-9CC8-43BDFB2F69E2}.Debug|x86.ActiveCfg = Debug|Win32
		{057EC88E-D1D6-483D-9CC8-43BDFB2F69E2}.Debug|x86.Build.0 = Debug|Win32
		{057EC88E-D1D6-483D-9CC8-43BDFB2F69E2}.Release|x64.ActiveCfg = Release|x64
		{057EC88E-D1D6-483D-9CC8-43BDFB2F69E2}.Release|x64.Build.0 = Release|x64
		{057EC88E-D1D6-483D-9CC8-43BDFB2F69E2}.Release|x86.ActiveCfg = Release|Win32
		{057EC88E-D1D6-483D-9CC8-43BDFB2F69E2}.Release|x86.Build.0 = Release|Win32
		{94D7BBCE-0087-4B02-8291-ED76992F4B9A}.Debug|x64.ActiveCfg = Debug|x64
		{94D7BBCE-0087-4B02-8291-ED76992F4B9A}.Debug|x64.Build.0 = Debug|x64
		{94D7BBCE-0087-4B02-8291-ED76992F4B9A}.Debug|x86.ActiveCfg = Debug|Win32
		{94D7BBCE-0087-4B02-8291-ED76992F4B9A}.Debug|x86.Build.0 = Debug|Win32
		{94D7BBCE-0087-4B02-8291-ED76992F4B9A}.Release|x64.ActiveCfg = Release|x64
		{94D7BBCE-0087-4B02-8291-ED76992F4B9A}.Release|x64.Build.0 = Release|x64
		{94D7BBCE-0087-4B02-8291-ED76992F4B9A}.Release|x86.ActiveCfg = Release|Win32
		{94D7BBCE-0087-4B02-8291-ED76992F4B9A}.Release|x86.Build.0 = Release|Win32
	EndGlobalSection
	GlobalSection(SolutionProperties) = preSolution
		HideSolutionNode = FALSE
	EndGlobalSection
	GlobalSection(ExtensibilityGlobals) = postSolution
		SolutionGuid = {54561271-748A-493F-8CCA-486464EDC7C4}
	EndGlobalSection
EndGlobal
